// !$*UTF8*$!
{
	archiveVersion = 1;
	classes = {
	};
	objectVersion = 51;
	objects = {

/* Begin PBXBuildFile section */
		1CA72DED21E158B5D964199C /* Pods_giphySearch.framework in Frameworks */ = {isa = PBXBuildFile; fileRef = 7B34B0610C23D9A2C1272BFA /* Pods_giphySearch.framework */; };
		2D21A11B04C5645203405921 /* Pods_giphySearch_giphySearchUITests.framework in Frameworks */ = {isa = PBXBuildFile; fileRef = 2978A79155F8E06C0D05C218 /* Pods_giphySearch_giphySearchUITests.framework */; };
		B1852EEF5E5411269D3915A6 /* Pods_giphySearchTests.framework in Frameworks */ = {isa = PBXBuildFile; fileRef = 180A458A8776D9841815E502 /* Pods_giphySearchTests.framework */; };
		CE82323926EF5BC500ADF186 /* AppDelegate.swift in Sources */ = {isa = PBXBuildFile; fileRef = CE82323826EF5BC500ADF186 /* AppDelegate.swift */; };
		CE82323B26EF5BC500ADF186 /* SceneDelegate.swift in Sources */ = {isa = PBXBuildFile; fileRef = CE82323A26EF5BC500ADF186 /* SceneDelegate.swift */; };
		CE82324326EF5BC500ADF186 /* giphySearch.xcdatamodeld in Sources */ = {isa = PBXBuildFile; fileRef = CE82324126EF5BC500ADF186 /* giphySearch.xcdatamodeld */; };
		CE82324526EF5BC700ADF186 /* Assets.xcassets in Resources */ = {isa = PBXBuildFile; fileRef = CE82324426EF5BC700ADF186 /* Assets.xcassets */; };
		CE82324826EF5BC700ADF186 /* LaunchScreen.storyboard in Resources */ = {isa = PBXBuildFile; fileRef = CE82324626EF5BC700ADF186 /* LaunchScreen.storyboard */; };
		CE82325326EF5BC800ADF186 /* giphySearchTests.swift in Sources */ = {isa = PBXBuildFile; fileRef = CE82325226EF5BC800ADF186 /* giphySearchTests.swift */; };
		CE82325E26EF5BC800ADF186 /* giphySearchUITests.swift in Sources */ = {isa = PBXBuildFile; fileRef = CE82325D26EF5BC800ADF186 /* giphySearchUITests.swift */; };
		CE82326D26EF5BE000ADF186 /* Network.swift in Sources */ = {isa = PBXBuildFile; fileRef = CE82326C26EF5BE000ADF186 /* Network.swift */; };
		CE82327226EF8FE200ADF186 /* MainViewController.swift in Sources */ = {isa = PBXBuildFile; fileRef = CE82327026EF8FE200ADF186 /* MainViewController.swift */; };
		CE82327326EF8FE200ADF186 /* MainViewController.xib in Resources */ = {isa = PBXBuildFile; fileRef = CE82327126EF8FE200ADF186 /* MainViewController.xib */; };
		CE82327C26EF9E2700ADF186 /* MainModelViewController.swift in Sources */ = {isa = PBXBuildFile; fileRef = CE82327B26EF9E2700ADF186 /* MainModelViewController.swift */; };
		CE82327F26EFA31300ADF186 /* CGSize.swift in Sources */ = {isa = PBXBuildFile; fileRef = CE82327E26EFA31300ADF186 /* CGSize.swift */; };
		CE82328226EFA34400ADF186 /* Constants.swift in Sources */ = {isa = PBXBuildFile; fileRef = CE82328126EFA34400ADF186 /* Constants.swift */; };
		CE82328526EFA75600ADF186 /* MainCollectionViewCell.swift in Sources */ = {isa = PBXBuildFile; fileRef = CE82328326EFA75600ADF186 /* MainCollectionViewCell.swift */; };
		CE82328626EFA75600ADF186 /* MainCollectionViewCell.xib in Resources */ = {isa = PBXBuildFile; fileRef = CE82328426EFA75600ADF186 /* MainCollectionViewCell.xib */; };
		CE82329026EFDEE500ADF186 /* UIAlertController.swift in Sources */ = {isa = PBXBuildFile; fileRef = CE82328F26EFDEE500ADF186 /* UIAlertController.swift */; };
		CE8232BA26F0937000ADF186 /* swiftgen.yml in Resources */ = {isa = PBXBuildFile; fileRef = CE8232B926F0937000ADF186 /* swiftgen.yml */; };
		CE8232BE26F093BB00ADF186 /* Assets.swift in Sources */ = {isa = PBXBuildFile; fileRef = CE8232BC26F093BB00ADF186 /* Assets.swift */; };
		CE8232BF26F093BB00ADF186 /* Strings.swift in Sources */ = {isa = PBXBuildFile; fileRef = CE8232BD26F093BB00ADF186 /* Strings.swift */; };
		CE8232C226F093CC00ADF186 /* Localizable.strings in Resources */ = {isa = PBXBuildFile; fileRef = CE8232C026F093CC00ADF186 /* Localizable.strings */; };
/* End PBXBuildFile section */

/* Begin PBXContainerItemProxy section */
		CE82324F26EF5BC800ADF186 /* PBXContainerItemProxy */ = {
			isa = PBXContainerItemProxy;
			containerPortal = CE82322D26EF5BC500ADF186 /* Project object */;
			proxyType = 1;
			remoteGlobalIDString = CE82323426EF5BC500ADF186;
			remoteInfo = giphySearch;
		};
		CE82325A26EF5BC800ADF186 /* PBXContainerItemProxy */ = {
			isa = PBXContainerItemProxy;
			containerPortal = CE82322D26EF5BC500ADF186 /* Project object */;
			proxyType = 1;
			remoteGlobalIDString = CE82323426EF5BC500ADF186;
			remoteInfo = giphySearch;
		};
/* End PBXContainerItemProxy section */

/* Begin PBXFileReference section */
		180A458A8776D9841815E502 /* Pods_giphySearchTests.framework */ = {isa = PBXFileReference; explicitFileType = wrapper.framework; includeInIndex = 0; path = Pods_giphySearchTests.framework; sourceTree = BUILT_PRODUCTS_DIR; };
		2978A79155F8E06C0D05C218 /* Pods_giphySearch_giphySearchUITests.framework */ = {isa = PBXFileReference; explicitFileType = wrapper.framework; includeInIndex = 0; path = Pods_giphySearch_giphySearchUITests.framework; sourceTree = BUILT_PRODUCTS_DIR; };
		3B1C0EDC16B4B7F77FA7B72C /* Pods-giphySearchTests.debug.xcconfig */ = {isa = PBXFileReference; includeInIndex = 1; lastKnownFileType = text.xcconfig; name = "Pods-giphySearchTests.debug.xcconfig"; path = "Target Support Files/Pods-giphySearchTests/Pods-giphySearchTests.debug.xcconfig"; sourceTree = "<group>"; };
		5ED47B09ABC794288D0E269A /* Pods-giphySearchTests.release.xcconfig */ = {isa = PBXFileReference; includeInIndex = 1; lastKnownFileType = text.xcconfig; name = "Pods-giphySearchTests.release.xcconfig"; path = "Target Support Files/Pods-giphySearchTests/Pods-giphySearchTests.release.xcconfig"; sourceTree = "<group>"; };
		7524159C616F986795E5B1F8 /* Pods-giphySearch.release.xcconfig */ = {isa = PBXFileReference; includeInIndex = 1; lastKnownFileType = text.xcconfig; name = "Pods-giphySearch.release.xcconfig"; path = "Target Support Files/Pods-giphySearch/Pods-giphySearch.release.xcconfig"; sourceTree = "<group>"; };
		7B34B0610C23D9A2C1272BFA /* Pods_giphySearch.framework */ = {isa = PBXFileReference; explicitFileType = wrapper.framework; includeInIndex = 0; path = Pods_giphySearch.framework; sourceTree = BUILT_PRODUCTS_DIR; };
		A22D666502399E672C530E5E /* Pods-giphySearch.debug.xcconfig */ = {isa = PBXFileReference; includeInIndex = 1; lastKnownFileType = text.xcconfig; name = "Pods-giphySearch.debug.xcconfig"; path = "Target Support Files/Pods-giphySearch/Pods-giphySearch.debug.xcconfig"; sourceTree = "<group>"; };
		B914A2CEE116750CF6A231C6 /* Pods-giphySearch-giphySearchUITests.release.xcconfig */ = {isa = PBXFileReference; includeInIndex = 1; lastKnownFileType = text.xcconfig; name = "Pods-giphySearch-giphySearchUITests.release.xcconfig"; path = "Target Support Files/Pods-giphySearch-giphySearchUITests/Pods-giphySearch-giphySearchUITests.release.xcconfig"; sourceTree = "<group>"; };
		C53587D994DB737BF3C333BB /* Pods-giphySearch-giphySearchUITests.debug.xcconfig */ = {isa = PBXFileReference; includeInIndex = 1; lastKnownFileType = text.xcconfig; name = "Pods-giphySearch-giphySearchUITests.debug.xcconfig"; path = "Target Support Files/Pods-giphySearch-giphySearchUITests/Pods-giphySearch-giphySearchUITests.debug.xcconfig"; sourceTree = "<group>"; };
		CE82323526EF5BC500ADF186 /* giphySearch.app */ = {isa = PBXFileReference; explicitFileType = wrapper.application; includeInIndex = 0; path = giphySearch.app; sourceTree = BUILT_PRODUCTS_DIR; };
		CE82323826EF5BC500ADF186 /* AppDelegate.swift */ = {isa = PBXFileReference; lastKnownFileType = sourcecode.swift; path = AppDelegate.swift; sourceTree = "<group>"; };
		CE82323A26EF5BC500ADF186 /* SceneDelegate.swift */ = {isa = PBXFileReference; lastKnownFileType = sourcecode.swift; path = SceneDelegate.swift; sourceTree = "<group>"; };
		CE82324226EF5BC500ADF186 /* giphySearch.xcdatamodel */ = {isa = PBXFileReference; lastKnownFileType = wrapper.xcdatamodel; path = giphySearch.xcdatamodel; sourceTree = "<group>"; };
		CE82324426EF5BC700ADF186 /* Assets.xcassets */ = {isa = PBXFileReference; lastKnownFileType = folder.assetcatalog; path = Assets.xcassets; sourceTree = "<group>"; };
		CE82324726EF5BC700ADF186 /* Base */ = {isa = PBXFileReference; lastKnownFileType = file.storyboard; name = Base; path = Base.lproj/LaunchScreen.storyboard; sourceTree = "<group>"; };
		CE82324926EF5BC700ADF186 /* Info.plist */ = {isa = PBXFileReference; lastKnownFileType = text.plist.xml; path = Info.plist; sourceTree = "<group>"; };
		CE82324E26EF5BC800ADF186 /* giphySearchTests.xctest */ = {isa = PBXFileReference; explicitFileType = wrapper.cfbundle; includeInIndex = 0; path = giphySearchTests.xctest; sourceTree = BUILT_PRODUCTS_DIR; };
		CE82325226EF5BC800ADF186 /* giphySearchTests.swift */ = {isa = PBXFileReference; lastKnownFileType = sourcecode.swift; path = giphySearchTests.swift; sourceTree = "<group>"; };
		CE82325426EF5BC800ADF186 /* Info.plist */ = {isa = PBXFileReference; lastKnownFileType = text.plist.xml; path = Info.plist; sourceTree = "<group>"; };
		CE82325926EF5BC800ADF186 /* giphySearchUITests.xctest */ = {isa = PBXFileReference; explicitFileType = wrapper.cfbundle; includeInIndex = 0; path = giphySearchUITests.xctest; sourceTree = BUILT_PRODUCTS_DIR; };
		CE82325D26EF5BC800ADF186 /* giphySearchUITests.swift */ = {isa = PBXFileReference; lastKnownFileType = sourcecode.swift; path = giphySearchUITests.swift; sourceTree = "<group>"; };
		CE82325F26EF5BC800ADF186 /* Info.plist */ = {isa = PBXFileReference; lastKnownFileType = text.plist.xml; path = Info.plist; sourceTree = "<group>"; };
		CE82326C26EF5BE000ADF186 /* Network.swift */ = {isa = PBXFileReference; lastKnownFileType = sourcecode.swift; path = Network.swift; sourceTree = "<group>"; };
		CE82327026EF8FE200ADF186 /* MainViewController.swift */ = {isa = PBXFileReference; lastKnownFileType = sourcecode.swift; path = MainViewController.swift; sourceTree = "<group>"; };
		CE82327126EF8FE200ADF186 /* MainViewController.xib */ = {isa = PBXFileReference; lastKnownFileType = file.xib; path = MainViewController.xib; sourceTree = "<group>"; };
		CE82327B26EF9E2700ADF186 /* MainModelViewController.swift */ = {isa = PBXFileReference; lastKnownFileType = sourcecode.swift; path = MainModelViewController.swift; sourceTree = "<group>"; };
		CE82327E26EFA31300ADF186 /* CGSize.swift */ = {isa = PBXFileReference; lastKnownFileType = sourcecode.swift; path = CGSize.swift; sourceTree = "<group>"; };
		CE82328126EFA34400ADF186 /* Constants.swift */ = {isa = PBXFileReference; lastKnownFileType = sourcecode.swift; path = Constants.swift; sourceTree = "<group>"; };
		CE82328326EFA75600ADF186 /* MainCollectionViewCell.swift */ = {isa = PBXFileReference; lastKnownFileType = sourcecode.swift; path = MainCollectionViewCell.swift; sourceTree = "<group>"; };
		CE82328426EFA75600ADF186 /* MainCollectionViewCell.xib */ = {isa = PBXFileReference; lastKnownFileType = file.xib; path = MainCollectionViewCell.xib; sourceTree = "<group>"; };
		CE82328F26EFDEE500ADF186 /* UIAlertController.swift */ = {isa = PBXFileReference; lastKnownFileType = sourcecode.swift; path = UIAlertController.swift; sourceTree = "<group>"; };
		CE8232B926F0937000ADF186 /* swiftgen.yml */ = {isa = PBXFileReference; fileEncoding = 4; lastKnownFileType = text.yaml; path = swiftgen.yml; sourceTree = "<group>"; };
		CE8232BC26F093BB00ADF186 /* Assets.swift */ = {isa = PBXFileReference; fileEncoding = 4; lastKnownFileType = sourcecode.swift; path = Assets.swift; sourceTree = "<group>"; };
		CE8232BD26F093BB00ADF186 /* Strings.swift */ = {isa = PBXFileReference; fileEncoding = 4; lastKnownFileType = sourcecode.swift; path = Strings.swift; sourceTree = "<group>"; };
		CE8232C126F093CC00ADF186 /* Base */ = {isa = PBXFileReference; lastKnownFileType = text.plist.strings; name = Base; path = giphySearch/Base.lproj/Localizable.strings; sourceTree = SOURCE_ROOT; };
		CE8232C326F096DB00ADF186 /* ru */ = {isa = PBXFileReference; lastKnownFileType = text.plist.strings; name = ru; path = ../ru.lproj/Localizable.strings; sourceTree = "<group>"; };
/* End PBXFileReference section */

/* Begin PBXFrameworksBuildPhase section */
		CE82323226EF5BC500ADF186 /* Frameworks */ = {
			isa = PBXFrameworksBuildPhase;
			buildActionMask = 2147483647;
			files = (
				1CA72DED21E158B5D964199C /* Pods_giphySearch.framework in Frameworks */,
			);
			runOnlyForDeploymentPostprocessing = 0;
		};
		CE82324B26EF5BC800ADF186 /* Frameworks */ = {
			isa = PBXFrameworksBuildPhase;
			buildActionMask = 2147483647;
			files = (
				B1852EEF5E5411269D3915A6 /* Pods_giphySearchTests.framework in Frameworks */,
			);
			runOnlyForDeploymentPostprocessing = 0;
		};
		CE82325626EF5BC800ADF186 /* Frameworks */ = {
			isa = PBXFrameworksBuildPhase;
			buildActionMask = 2147483647;
			files = (
				2D21A11B04C5645203405921 /* Pods_giphySearch_giphySearchUITests.framework in Frameworks */,
			);
			runOnlyForDeploymentPostprocessing = 0;
		};
/* End PBXFrameworksBuildPhase section */

/* Begin PBXGroup section */
		84B0BC32BF53C5397E0914CE /* Pods */ = {
			isa = PBXGroup;
			children = (
				A22D666502399E672C530E5E /* Pods-giphySearch.debug.xcconfig */,
				7524159C616F986795E5B1F8 /* Pods-giphySearch.release.xcconfig */,
				C53587D994DB737BF3C333BB /* Pods-giphySearch-giphySearchUITests.debug.xcconfig */,
				B914A2CEE116750CF6A231C6 /* Pods-giphySearch-giphySearchUITests.release.xcconfig */,
				3B1C0EDC16B4B7F77FA7B72C /* Pods-giphySearchTests.debug.xcconfig */,
				5ED47B09ABC794288D0E269A /* Pods-giphySearchTests.release.xcconfig */,
			);
			path = Pods;
			sourceTree = "<group>";
		};
		BA73E1C242D00BECC3E9D52C /* Frameworks */ = {
			isa = PBXGroup;
			children = (
				7B34B0610C23D9A2C1272BFA /* Pods_giphySearch.framework */,
				2978A79155F8E06C0D05C218 /* Pods_giphySearch_giphySearchUITests.framework */,
				180A458A8776D9841815E502 /* Pods_giphySearchTests.framework */,
			);
			name = Frameworks;
			sourceTree = "<group>";
		};
		CE82322C26EF5BC500ADF186 = {
			isa = PBXGroup;
			children = (
				CE8232B926F0937000ADF186 /* swiftgen.yml */,
				CE82323726EF5BC500ADF186 /* giphySearch */,
				CE82325126EF5BC800ADF186 /* giphySearchTests */,
				CE82325C26EF5BC800ADF186 /* giphySearchUITests */,
				CE82323626EF5BC500ADF186 /* Products */,
				84B0BC32BF53C5397E0914CE /* Pods */,
				BA73E1C242D00BECC3E9D52C /* Frameworks */,
			);
			sourceTree = "<group>";
		};
		CE82323626EF5BC500ADF186 /* Products */ = {
			isa = PBXGroup;
			children = (
				CE82323526EF5BC500ADF186 /* giphySearch.app */,
				CE82324E26EF5BC800ADF186 /* giphySearchTests.xctest */,
				CE82325926EF5BC800ADF186 /* giphySearchUITests.xctest */,
			);
			name = Products;
			sourceTree = "<group>";
		};
		CE82323726EF5BC500ADF186 /* giphySearch */ = {
			isa = PBXGroup;
			children = (
				CE8232BB26F0939D00ADF186 /* SwiftGen */,
				CE82328026EFA33700ADF186 /* Source */,
				CE82327D26EFA30000ADF186 /* Extension */,
				CE82327426EF9C6E00ADF186 /* Cell */,
				CE82326B26EF5BD200ADF186 /* Network */,
				CE82323826EF5BC500ADF186 /* AppDelegate.swift */,
				CE82323A26EF5BC500ADF186 /* SceneDelegate.swift */,
				CE82327926EF9DF200ADF186 /* Controllers */,
				CE82324426EF5BC700ADF186 /* Assets.xcassets */,
				CE82324626EF5BC700ADF186 /* LaunchScreen.storyboard */,
				CE82324926EF5BC700ADF186 /* Info.plist */,
				CE82324126EF5BC500ADF186 /* giphySearch.xcdatamodeld */,
			);
			path = giphySearch;
			sourceTree = "<group>";
		};
		CE82325126EF5BC800ADF186 /* giphySearchTests */ = {
			isa = PBXGroup;
			children = (
				CE82325226EF5BC800ADF186 /* giphySearchTests.swift */,
				CE82325426EF5BC800ADF186 /* Info.plist */,
			);
			path = giphySearchTests;
			sourceTree = "<group>";
		};
		CE82325C26EF5BC800ADF186 /* giphySearchUITests */ = {
			isa = PBXGroup;
			children = (
				CE82325D26EF5BC800ADF186 /* giphySearchUITests.swift */,
				CE82325F26EF5BC800ADF186 /* Info.plist */,
			);
			path = giphySearchUITests;
			sourceTree = "<group>";
		};
		CE82326B26EF5BD200ADF186 /* Network */ = {
			isa = PBXGroup;
			children = (
				CE82326C26EF5BE000ADF186 /* Network.swift */,
			);
			path = Network;
			sourceTree = "<group>";
		};
		CE82327426EF9C6E00ADF186 /* Cell */ = {
			isa = PBXGroup;
			children = (
				CE82328326EFA75600ADF186 /* MainCollectionViewCell.swift */,
				CE82328426EFA75600ADF186 /* MainCollectionViewCell.xib */,
			);
			path = Cell;
			sourceTree = "<group>";
		};
		CE82327926EF9DF200ADF186 /* Controllers */ = {
			isa = PBXGroup;
			children = (
				CE82327A26EF9E0400ADF186 /* MainViewController */,
			);
			path = Controllers;
			sourceTree = "<group>";
		};
		CE82327A26EF9E0400ADF186 /* MainViewController */ = {
			isa = PBXGroup;
			children = (
				CE82327126EF8FE200ADF186 /* MainViewController.xib */,
				CE82327026EF8FE200ADF186 /* MainViewController.swift */,
				CE82327B26EF9E2700ADF186 /* MainModelViewController.swift */,
			);
			path = MainViewController;
			sourceTree = "<group>";
		};
		CE82327D26EFA30000ADF186 /* Extension */ = {
			isa = PBXGroup;
			children = (
				CE82327E26EFA31300ADF186 /* CGSize.swift */,
				CE82328F26EFDEE500ADF186 /* UIAlertController.swift */,
			);
			path = Extension;
			sourceTree = "<group>";
		};
		CE82328026EFA33700ADF186 /* Source */ = {
			isa = PBXGroup;
			children = (
				CE82328126EFA34400ADF186 /* Constants.swift */,
			);
			path = Source;
			sourceTree = "<group>";
		};
		CE8232BB26F0939D00ADF186 /* SwiftGen */ = {
			isa = PBXGroup;
			children = (
				CE8232BC26F093BB00ADF186 /* Assets.swift */,
				CE8232BD26F093BB00ADF186 /* Strings.swift */,
				CE8232C026F093CC00ADF186 /* Localizable.strings */,
			);
			path = SwiftGen;
			sourceTree = "<group>";
		};
/* End PBXGroup section */

/* Begin PBXNativeTarget section */
		CE82323426EF5BC500ADF186 /* giphySearch */ = {
			isa = PBXNativeTarget;
			buildConfigurationList = CE82326226EF5BC800ADF186 /* Build configuration list for PBXNativeTarget "giphySearch" */;
			buildPhases = (
				BA2E155C86981CB93D04FD41 /* [CP] Check Pods Manifest.lock */,
				CE82323126EF5BC500ADF186 /* Sources */,
				CE82323226EF5BC500ADF186 /* Frameworks */,
				CE82323326EF5BC500ADF186 /* Resources */,
				60D1E16A019335D30B67C365 /* [CP] Embed Pods Frameworks */,
			);
			buildRules = (
			);
			dependencies = (
			);
			name = giphySearch;
			productName = giphySearch;
			productReference = CE82323526EF5BC500ADF186 /* giphySearch.app */;
			productType = "com.apple.product-type.application";
		};
		CE82324D26EF5BC800ADF186 /* giphySearchTests */ = {
			isa = PBXNativeTarget;
			buildConfigurationList = CE82326526EF5BC800ADF186 /* Build configuration list for PBXNativeTarget "giphySearchTests" */;
			buildPhases = (
				F91D60582A4805C452E1A66F /* [CP] Check Pods Manifest.lock */,
				CE82324A26EF5BC800ADF186 /* Sources */,
				CE82324B26EF5BC800ADF186 /* Frameworks */,
				CE82324C26EF5BC800ADF186 /* Resources */,
			);
			buildRules = (
			);
			dependencies = (
				CE82325026EF5BC800ADF186 /* PBXTargetDependency */,
			);
			name = giphySearchTests;
			productName = giphySearchTests;
			productReference = CE82324E26EF5BC800ADF186 /* giphySearchTests.xctest */;
			productType = "com.apple.product-type.bundle.unit-test";
		};
		CE82325826EF5BC800ADF186 /* giphySearchUITests */ = {
			isa = PBXNativeTarget;
			buildConfigurationList = CE82326826EF5BC800ADF186 /* Build configuration list for PBXNativeTarget "giphySearchUITests" */;
			buildPhases = (
				EB1DE11F1605A158F664888B /* [CP] Check Pods Manifest.lock */,
				CE82325526EF5BC800ADF186 /* Sources */,
				CE82325626EF5BC800ADF186 /* Frameworks */,
				CE82325726EF5BC800ADF186 /* Resources */,
				B5FA09AD04E3E2A6E2090112 /* [CP] Embed Pods Frameworks */,
			);
			buildRules = (
			);
			dependencies = (
				CE82325B26EF5BC800ADF186 /* PBXTargetDependency */,
			);
			name = giphySearchUITests;
			productName = giphySearchUITests;
			productReference = CE82325926EF5BC800ADF186 /* giphySearchUITests.xctest */;
			productType = "com.apple.product-type.bundle.ui-testing";
		};
/* End PBXNativeTarget section */

/* Begin PBXProject section */
		CE82322D26EF5BC500ADF186 /* Project object */ = {
			isa = PBXProject;
			attributes = {
				LastSwiftUpdateCheck = 1250;
				LastUpgradeCheck = 1250;
				TargetAttributes = {
					CE82323426EF5BC500ADF186 = {
						CreatedOnToolsVersion = 12.5.1;
					};
					CE82324D26EF5BC800ADF186 = {
						CreatedOnToolsVersion = 12.5.1;
						TestTargetID = CE82323426EF5BC500ADF186;
					};
					CE82325826EF5BC800ADF186 = {
						CreatedOnToolsVersion = 12.5.1;
						TestTargetID = CE82323426EF5BC500ADF186;
					};
				};
			};
			buildConfigurationList = CE82323026EF5BC500ADF186 /* Build configuration list for PBXProject "giphySearch" */;
			compatibilityVersion = "Xcode 9.3";
			developmentRegion = en;
			hasScannedForEncodings = 0;
			knownRegions = (
				en,
				Base,
				ru,
			);
			mainGroup = CE82322C26EF5BC500ADF186;
			productRefGroup = CE82323626EF5BC500ADF186 /* Products */;
			projectDirPath = "";
			projectRoot = "";
			targets = (
				CE82323426EF5BC500ADF186 /* giphySearch */,
				CE82324D26EF5BC800ADF186 /* giphySearchTests */,
				CE82325826EF5BC800ADF186 /* giphySearchUITests */,
			);
		};
/* End PBXProject section */

/* Begin PBXResourcesBuildPhase section */
		CE82323326EF5BC500ADF186 /* Resources */ = {
			isa = PBXResourcesBuildPhase;
			buildActionMask = 2147483647;
			files = (
				CE82324826EF5BC700ADF186 /* LaunchScreen.storyboard in Resources */,
				CE8232BA26F0937000ADF186 /* swiftgen.yml in Resources */,
				CE8232C226F093CC00ADF186 /* Localizable.strings in Resources */,
				CE82327326EF8FE200ADF186 /* MainViewController.xib in Resources */,
				CE82324526EF5BC700ADF186 /* Assets.xcassets in Resources */,
				CE82328626EFA75600ADF186 /* MainCollectionViewCell.xib in Resources */,
			);
			runOnlyForDeploymentPostprocessing = 0;
		};
		CE82324C26EF5BC800ADF186 /* Resources */ = {
			isa = PBXResourcesBuildPhase;
			buildActionMask = 2147483647;
			files = (
			);
			runOnlyForDeploymentPostprocessing = 0;
		};
		CE82325726EF5BC800ADF186 /* Resources */ = {
			isa = PBXResourcesBuildPhase;
			buildActionMask = 2147483647;
			files = (
			);
			runOnlyForDeploymentPostprocessing = 0;
		};
/* End PBXResourcesBuildPhase section */

/* Begin PBXShellScriptBuildPhase section */
		60D1E16A019335D30B67C365 /* [CP] Embed Pods Frameworks */ = {
			isa = PBXShellScriptBuildPhase;
			buildActionMask = 2147483647;
			files = (
			);
			inputFileListPaths = (
				"${PODS_ROOT}/Target Support Files/Pods-giphySearch/Pods-giphySearch-frameworks-${CONFIGURATION}-input-files.xcfilelist",
			);
			name = "[CP] Embed Pods Frameworks";
			outputFileListPaths = (
				"${PODS_ROOT}/Target Support Files/Pods-giphySearch/Pods-giphySearch-frameworks-${CONFIGURATION}-output-files.xcfilelist",
			);
			runOnlyForDeploymentPostprocessing = 0;
			shellPath = /bin/sh;
			shellScript = "\"${PODS_ROOT}/Target Support Files/Pods-giphySearch/Pods-giphySearch-frameworks.sh\"\n";
			showEnvVarsInLog = 0;
		};
		B5FA09AD04E3E2A6E2090112 /* [CP] Embed Pods Frameworks */ = {
			isa = PBXShellScriptBuildPhase;
			buildActionMask = 2147483647;
			files = (
			);
			inputFileListPaths = (
				"${PODS_ROOT}/Target Support Files/Pods-giphySearch-giphySearchUITests/Pods-giphySearch-giphySearchUITests-frameworks-${CONFIGURATION}-input-files.xcfilelist",
			);
			name = "[CP] Embed Pods Frameworks";
			outputFileListPaths = (
				"${PODS_ROOT}/Target Support Files/Pods-giphySearch-giphySearchUITests/Pods-giphySearch-giphySearchUITests-frameworks-${CONFIGURATION}-output-files.xcfilelist",
			);
			runOnlyForDeploymentPostprocessing = 0;
			shellPath = /bin/sh;
			shellScript = "\"${PODS_ROOT}/Target Support Files/Pods-giphySearch-giphySearchUITests/Pods-giphySearch-giphySearchUITests-frameworks.sh\"\n";
			showEnvVarsInLog = 0;
		};
		BA2E155C86981CB93D04FD41 /* [CP] Check Pods Manifest.lock */ = {
			isa = PBXShellScriptBuildPhase;
			buildActionMask = 2147483647;
			files = (
			);
			inputFileListPaths = (
			);
			inputPaths = (
				"${PODS_PODFILE_DIR_PATH}/Podfile.lock",
				"${PODS_ROOT}/Manifest.lock",
			);
			name = "[CP] Check Pods Manifest.lock";
			outputFileListPaths = (
			);
			outputPaths = (
				"$(DERIVED_FILE_DIR)/Pods-giphySearch-checkManifestLockResult.txt",
			);
			runOnlyForDeploymentPostprocessing = 0;
			shellPath = /bin/sh;
			shellScript = "diff \"${PODS_PODFILE_DIR_PATH}/Podfile.lock\" \"${PODS_ROOT}/Manifest.lock\" > /dev/null\nif [ $? != 0 ] ; then\n    # print error to STDERR\n    echo \"error: The sandbox is not in sync with the Podfile.lock. Run 'pod install' or update your CocoaPods installation.\" >&2\n    exit 1\nfi\n# This output is used by Xcode 'outputs' to avoid re-running this script phase.\necho \"SUCCESS\" > \"${SCRIPT_OUTPUT_FILE_0}\"\n";
			showEnvVarsInLog = 0;
		};
		EB1DE11F1605A158F664888B /* [CP] Check Pods Manifest.lock */ = {
			isa = PBXShellScriptBuildPhase;
			buildActionMask = 2147483647;
			files = (
			);
			inputFileListPaths = (
			);
			inputPaths = (
				"${PODS_PODFILE_DIR_PATH}/Podfile.lock",
				"${PODS_ROOT}/Manifest.lock",
			);
			name = "[CP] Check Pods Manifest.lock";
			outputFileListPaths = (
			);
			outputPaths = (
				"$(DERIVED_FILE_DIR)/Pods-giphySearch-giphySearchUITests-checkManifestLockResult.txt",
			);
			runOnlyForDeploymentPostprocessing = 0;
			shellPath = /bin/sh;
			shellScript = "diff \"${PODS_PODFILE_DIR_PATH}/Podfile.lock\" \"${PODS_ROOT}/Manifest.lock\" > /dev/null\nif [ $? != 0 ] ; then\n    # print error to STDERR\n    echo \"error: The sandbox is not in sync with the Podfile.lock. Run 'pod install' or update your CocoaPods installation.\" >&2\n    exit 1\nfi\n# This output is used by Xcode 'outputs' to avoid re-running this script phase.\necho \"SUCCESS\" > \"${SCRIPT_OUTPUT_FILE_0}\"\n";
			showEnvVarsInLog = 0;
		};
		F91D60582A4805C452E1A66F /* [CP] Check Pods Manifest.lock */ = {
			isa = PBXShellScriptBuildPhase;
			buildActionMask = 2147483647;
			files = (
			);
			inputFileListPaths = (
			);
			inputPaths = (
				"${PODS_PODFILE_DIR_PATH}/Podfile.lock",
				"${PODS_ROOT}/Manifest.lock",
			);
			name = "[CP] Check Pods Manifest.lock";
			outputFileListPaths = (
			);
			outputPaths = (
				"$(DERIVED_FILE_DIR)/Pods-giphySearchTests-checkManifestLockResult.txt",
			);
			runOnlyForDeploymentPostprocessing = 0;
			shellPath = /bin/sh;
			shellScript = "diff \"${PODS_PODFILE_DIR_PATH}/Podfile.lock\" \"${PODS_ROOT}/Manifest.lock\" > /dev/null\nif [ $? != 0 ] ; then\n    # print error to STDERR\n    echo \"error: The sandbox is not in sync with the Podfile.lock. Run 'pod install' or update your CocoaPods installation.\" >&2\n    exit 1\nfi\n# This output is used by Xcode 'outputs' to avoid re-running this script phase.\necho \"SUCCESS\" > \"${SCRIPT_OUTPUT_FILE_0}\"\n";
			showEnvVarsInLog = 0;
		};
/* End PBXShellScriptBuildPhase section */

/* Begin PBXSourcesBuildPhase section */
		CE82323126EF5BC500ADF186 /* Sources */ = {
			isa = PBXSourcesBuildPhase;
			buildActionMask = 2147483647;
			files = (
				CE82326D26EF5BE000ADF186 /* Network.swift in Sources */,
				CE8232BE26F093BB00ADF186 /* Assets.swift in Sources */,
				CE82328526EFA75600ADF186 /* MainCollectionViewCell.swift in Sources */,
				CE82323926EF5BC500ADF186 /* AppDelegate.swift in Sources */,
				CE82323B26EF5BC500ADF186 /* SceneDelegate.swift in Sources */,
				CE82329026EFDEE500ADF186 /* UIAlertController.swift in Sources */,
				CE82327F26EFA31300ADF186 /* CGSize.swift in Sources */,
				CE82324326EF5BC500ADF186 /* giphySearch.xcdatamodeld in Sources */,
				CE82327C26EF9E2700ADF186 /* MainModelViewController.swift in Sources */,
				CE82327226EF8FE200ADF186 /* MainViewController.swift in Sources */,
				CE8232BF26F093BB00ADF186 /* Strings.swift in Sources */,
				CE82328226EFA34400ADF186 /* Constants.swift in Sources */,
			);
			runOnlyForDeploymentPostprocessing = 0;
		};
		CE82324A26EF5BC800ADF186 /* Sources */ = {
			isa = PBXSourcesBuildPhase;
			buildActionMask = 2147483647;
			files = (
				CE82325326EF5BC800ADF186 /* giphySearchTests.swift in Sources */,
			);
			runOnlyForDeploymentPostprocessing = 0;
		};
		CE82325526EF5BC800ADF186 /* Sources */ = {
			isa = PBXSourcesBuildPhase;
			buildActionMask = 2147483647;
			files = (
				CE82325E26EF5BC800ADF186 /* giphySearchUITests.swift in Sources */,
			);
			runOnlyForDeploymentPostprocessing = 0;
		};
/* End PBXSourcesBuildPhase section */

/* Begin PBXTargetDependency section */
		CE82325026EF5BC800ADF186 /* PBXTargetDependency */ = {
			isa = PBXTargetDependency;
			target = CE82323426EF5BC500ADF186 /* giphySearch */;
			targetProxy = CE82324F26EF5BC800ADF186 /* PBXContainerItemProxy */;
		};
		CE82325B26EF5BC800ADF186 /* PBXTargetDependency */ = {
			isa = PBXTargetDependency;
			target = CE82323426EF5BC500ADF186 /* giphySearch */;
			targetProxy = CE82325A26EF5BC800ADF186 /* PBXContainerItemProxy */;
		};
/* End PBXTargetDependency section */

/* Begin PBXVariantGroup section */
		CE82324626EF5BC700ADF186 /* LaunchScreen.storyboard */ = {
			isa = PBXVariantGroup;
			children = (
				CE82324726EF5BC700ADF186 /* Base */,
			);
			name = LaunchScreen.storyboard;
			sourceTree = "<group>";
		};
		CE8232C026F093CC00ADF186 /* Localizable.strings */ = {
			isa = PBXVariantGroup;
			children = (
				CE8232C126F093CC00ADF186 /* Base */,
				CE8232C326F096DB00ADF186 /* ru */,
			);
			name = Localizable.strings;
			sourceTree = "<group>";
		};
/* End PBXVariantGroup section */

/* Begin XCBuildConfiguration section */
		CE82326026EF5BC800ADF186 /* Debug */ = {
			isa = XCBuildConfiguration;
			buildSettings = {
				ALWAYS_SEARCH_USER_PATHS = NO;
				CLANG_ANALYZER_LOCALIZABILITY_NONLOCALIZED = YES;
				CLANG_ANALYZER_NONNULL = YES;
				CLANG_ANALYZER_NUMBER_OBJECT_CONVERSION = YES_AGGRESSIVE;
				CLANG_CXX_LANGUAGE_STANDARD = "gnu++14";
				CLANG_CXX_LIBRARY = "libc++";
				CLANG_ENABLE_MODULES = YES;
				CLANG_ENABLE_OBJC_ARC = YES;
				CLANG_ENABLE_OBJC_WEAK = YES;
				CLANG_WARN_BLOCK_CAPTURE_AUTORELEASING = YES;
				CLANG_WARN_BOOL_CONVERSION = YES;
				CLANG_WARN_COMMA = YES;
				CLANG_WARN_CONSTANT_CONVERSION = YES;
				CLANG_WARN_DEPRECATED_OBJC_IMPLEMENTATIONS = YES;
				CLANG_WARN_DIRECT_OBJC_ISA_USAGE = YES_ERROR;
				CLANG_WARN_DOCUMENTATION_COMMENTS = YES;
				CLANG_WARN_EMPTY_BODY = YES;
				CLANG_WARN_ENUM_CONVERSION = YES;
				CLANG_WARN_INFINITE_RECURSION = YES;
				CLANG_WARN_INT_CONVERSION = YES;
				CLANG_WARN_NON_LITERAL_NULL_CONVERSION = YES;
				CLANG_WARN_OBJC_IMPLICIT_RETAIN_SELF = YES;
				CLANG_WARN_OBJC_LITERAL_CONVERSION = YES;
				CLANG_WARN_OBJC_ROOT_CLASS = YES_ERROR;
				CLANG_WARN_QUOTED_INCLUDE_IN_FRAMEWORK_HEADER = YES;
				CLANG_WARN_RANGE_LOOP_ANALYSIS = YES;
				CLANG_WARN_STRICT_PROTOTYPES = YES;
				CLANG_WARN_SUSPICIOUS_MOVE = YES;
				CLANG_WARN_UNGUARDED_AVAILABILITY = YES_AGGRESSIVE;
				CLANG_WARN_UNREACHABLE_CODE = YES;
				CLANG_WARN__DUPLICATE_METHOD_MATCH = YES;
				COPY_PHASE_STRIP = NO;
				DEBUG_INFORMATION_FORMAT = dwarf;
				ENABLE_STRICT_OBJC_MSGSEND = YES;
				ENABLE_TESTABILITY = YES;
				GCC_C_LANGUAGE_STANDARD = gnu11;
				GCC_DYNAMIC_NO_PIC = NO;
				GCC_NO_COMMON_BLOCKS = YES;
				GCC_OPTIMIZATION_LEVEL = 0;
				GCC_PREPROCESSOR_DEFINITIONS = (
					"DEBUG=1",
					"$(inherited)",
				);
				GCC_WARN_64_TO_32_BIT_CONVERSION = YES;
				GCC_WARN_ABOUT_RETURN_TYPE = YES_ERROR;
				GCC_WARN_UNDECLARED_SELECTOR = YES;
				GCC_WARN_UNINITIALIZED_AUTOS = YES_AGGRESSIVE;
				GCC_WARN_UNUSED_FUNCTION = YES;
				GCC_WARN_UNUSED_VARIABLE = YES;
				IPHONEOS_DEPLOYMENT_TARGET = 14.5;
				MTL_ENABLE_DEBUG_INFO = INCLUDE_SOURCE;
				MTL_FAST_MATH = YES;
				ONLY_ACTIVE_ARCH = YES;
				SDKROOT = iphoneos;
				SWIFT_ACTIVE_COMPILATION_CONDITIONS = DEBUG;
				SWIFT_OPTIMIZATION_LEVEL = "-Onone";
			};
			name = Debug;
		};
		CE82326126EF5BC800ADF186 /* Release */ = {
			isa = XCBuildConfiguration;
			buildSettings = {
				ALWAYS_SEARCH_USER_PATHS = NO;
				CLANG_ANALYZER_LOCALIZABILITY_NONLOCALIZED = YES;
				CLANG_ANALYZER_NONNULL = YES;
				CLANG_ANALYZER_NUMBER_OBJECT_CONVERSION = YES_AGGRESSIVE;
				CLANG_CXX_LANGUAGE_STANDARD = "gnu++14";
				CLANG_CXX_LIBRARY = "libc++";
				CLANG_ENABLE_MODULES = YES;
				CLANG_ENABLE_OBJC_ARC = YES;
				CLANG_ENABLE_OBJC_WEAK = YES;
				CLANG_WARN_BLOCK_CAPTURE_AUTORELEASING = YES;
				CLANG_WARN_BOOL_CONVERSION = YES;
				CLANG_WARN_COMMA = YES;
				CLANG_WARN_CONSTANT_CONVERSION = YES;
				CLANG_WARN_DEPRECATED_OBJC_IMPLEMENTATIONS = YES;
				CLANG_WARN_DIRECT_OBJC_ISA_USAGE = YES_ERROR;
				CLANG_WARN_DOCUMENTATION_COMMENTS = YES;
				CLANG_WARN_EMPTY_BODY = YES;
				CLANG_WARN_ENUM_CONVERSION = YES;
				CLANG_WARN_INFINITE_RECURSION = YES;
				CLANG_WARN_INT_CONVERSION = YES;
				CLANG_WARN_NON_LITERAL_NULL_CONVERSION = YES;
				CLANG_WARN_OBJC_IMPLICIT_RETAIN_SELF = YES;
				CLANG_WARN_OBJC_LITERAL_CONVERSION = YES;
				CLANG_WARN_OBJC_ROOT_CLASS = YES_ERROR;
				CLANG_WARN_QUOTED_INCLUDE_IN_FRAMEWORK_HEADER = YES;
				CLANG_WARN_RANGE_LOOP_ANALYSIS = YES;
				CLANG_WARN_STRICT_PROTOTYPES = YES;
				CLANG_WARN_SUSPICIOUS_MOVE = YES;
				CLANG_WARN_UNGUARDED_AVAILABILITY = YES_AGGRESSIVE;
				CLANG_WARN_UNREACHABLE_CODE = YES;
				CLANG_WARN__DUPLICATE_METHOD_MATCH = YES;
				COPY_PHASE_STRIP = NO;
				DEBUG_INFORMATION_FORMAT = "dwarf-with-dsym";
				ENABLE_NS_ASSERTIONS = NO;
				ENABLE_STRICT_OBJC_MSGSEND = YES;
				GCC_C_LANGUAGE_STANDARD = gnu11;
				GCC_NO_COMMON_BLOCKS = YES;
				GCC_WARN_64_TO_32_BIT_CONVERSION = YES;
				GCC_WARN_ABOUT_RETURN_TYPE = YES_ERROR;
				GCC_WARN_UNDECLARED_SELECTOR = YES;
				GCC_WARN_UNINITIALIZED_AUTOS = YES_AGGRESSIVE;
				GCC_WARN_UNUSED_FUNCTION = YES;
				GCC_WARN_UNUSED_VARIABLE = YES;
				IPHONEOS_DEPLOYMENT_TARGET = 14.5;
				MTL_ENABLE_DEBUG_INFO = NO;
				MTL_FAST_MATH = YES;
				SDKROOT = iphoneos;
				SWIFT_COMPILATION_MODE = wholemodule;
				SWIFT_OPTIMIZATION_LEVEL = "-O";
				VALIDATE_PRODUCT = YES;
			};
			name = Release;
		};
		CE82326326EF5BC800ADF186 /* Debug */ = {
			isa = XCBuildConfiguration;
			baseConfigurationReference = A22D666502399E672C530E5E /* Pods-giphySearch.debug.xcconfig */;
			buildSettings = {
				ASSETCATALOG_COMPILER_APPICON_NAME = AppIcon;
				ASSETCATALOG_COMPILER_GLOBAL_ACCENT_COLOR_NAME = AccentColor;
				CODE_SIGN_STYLE = Automatic;
				DEVELOPMENT_TEAM = 97MWDWS79F;
				INFOPLIST_FILE = giphySearch/Info.plist;
				LD_RUNPATH_SEARCH_PATHS = (
					"$(inherited)",
					"@executable_path/Frameworks",
				);
				PRODUCT_BUNDLE_IDENTIFIER = ru.mickael.giphySearch;
				PRODUCT_NAME = "$(TARGET_NAME)";
				SWIFT_VERSION = 5.0;
				TARGETED_DEVICE_FAMILY = "1,2";
			};
			name = Debug;
		};
		CE82326426EF5BC800ADF186 /* Release */ = {
			isa = XCBuildConfiguration;
			baseConfigurationReference = 7524159C616F986795E5B1F8 /* Pods-giphySearch.release.xcconfig */;
			buildSettings = {
				ASSETCATALOG_COMPILER_APPICON_NAME = AppIcon;
				ASSETCATALOG_COMPILER_GLOBAL_ACCENT_COLOR_NAME = AccentColor;
				CODE_SIGN_STYLE = Automatic;
				DEVELOPMENT_TEAM = 97MWDWS79F;
				INFOPLIST_FILE = giphySearch/Info.plist;
				LD_RUNPATH_SEARCH_PATHS = (
					"$(inherited)",
					"@executable_path/Frameworks",
				);
				PRODUCT_BUNDLE_IDENTIFIER = ru.mickael.giphySearch;
				PRODUCT_NAME = "$(TARGET_NAME)";
				SWIFT_VERSION = 5.0;
				TARGETED_DEVICE_FAMILY = "1,2";
			};
			name = Release;
		};
		CE82326626EF5BC800ADF186 /* Debug */ = {
			isa = XCBuildConfiguration;
			baseConfigurationReference = 3B1C0EDC16B4B7F77FA7B72C /* Pods-giphySearchTests.debug.xcconfig */;
			buildSettings = {
				ALWAYS_EMBED_SWIFT_STANDARD_LIBRARIES = YES;
				BUNDLE_LOADER = "$(TEST_HOST)";
				CODE_SIGN_STYLE = Automatic;
				DEVELOPMENT_TEAM = 97MWDWS79F;
				INFOPLIST_FILE = giphySearchTests/Info.plist;
				IPHONEOS_DEPLOYMENT_TARGET = 14.5;
				LD_RUNPATH_SEARCH_PATHS = (
					"$(inherited)",
					"@executable_path/Frameworks",
					"@loader_path/Frameworks",
				);
				PRODUCT_BUNDLE_IDENTIFIER = ru.mickael.giphySearchTests;
				PRODUCT_NAME = "$(TARGET_NAME)";
				SWIFT_VERSION = 5.0;
				TARGETED_DEVICE_FAMILY = "1,2";
				TEST_HOST = "$(BUILT_PRODUCTS_DIR)/giphySearch.app/giphySearch";
			};
			name = Debug;
		};
		CE82326726EF5BC800ADF186 /* Release */ = {
			isa = XCBuildConfiguration;
			baseConfigurationReference = 5ED47B09ABC794288D0E269A /* Pods-giphySearchTests.release.xcconfig */;
			buildSettings = {
				ALWAYS_EMBED_SWIFT_STANDARD_LIBRARIES = YES;
				BUNDLE_LOADER = "$(TEST_HOST)";
				CODE_SIGN_STYLE = Automatic;
				DEVELOPMENT_TEAM = 97MWDWS79F;
				INFOPLIST_FILE = giphySearchTests/Info.plist;
				IPHONEOS_DEPLOYMENT_TARGET = 14.5;
				LD_RUNPATH_SEARCH_PATHS = (
					"$(inherited)",
					"@executable_path/Frameworks",
					"@loader_path/Frameworks",
				);
				PRODUCT_BUNDLE_IDENTIFIER = ru.mickael.giphySearchTests;
				PRODUCT_NAME = "$(TARGET_NAME)";
				SWIFT_VERSION = 5.0;
				TARGETED_DEVICE_FAMILY = "1,2";
				TEST_HOST = "$(BUILT_PRODUCTS_DIR)/giphySearch.app/giphySearch";
			};
			name = Release;
		};
		CE82326926EF5BC800ADF186 /* Debug */ = {
			isa = XCBuildConfiguration;
			baseConfigurationReference = C53587D994DB737BF3C333BB /* Pods-giphySearch-giphySearchUITests.debug.xcconfig */;
			buildSettings = {
				ALWAYS_EMBED_SWIFT_STANDARD_LIBRARIES = YES;
				CODE_SIGN_STYLE = Automatic;
				DEVELOPMENT_TEAM = 97MWDWS79F;
				INFOPLIST_FILE = giphySearchUITests/Info.plist;
				LD_RUNPATH_SEARCH_PATHS = (
					"$(inherited)",
					"@executable_path/Frameworks",
					"@loader_path/Frameworks",
				);
				PRODUCT_BUNDLE_IDENTIFIER = ru.mickael.giphySearchUITests;
				PRODUCT_NAME = "$(TARGET_NAME)";
				SWIFT_VERSION = 5.0;
				TARGETED_DEVICE_FAMILY = "1,2";
				TEST_TARGET_NAME = giphySearch;
			};
			name = Debug;
		};
		CE82326A26EF5BC800ADF186 /* Release */ = {
			isa = XCBuildConfiguration;
			baseConfigurationReference = B914A2CEE116750CF6A231C6 /* Pods-giphySearch-giphySearchUITests.release.xcconfig */;
			buildSettings = {
				ALWAYS_EMBED_SWIFT_STANDARD_LIBRARIES = YES;
				CODE_SIGN_STYLE = Automatic;
				DEVELOPMENT_TEAM = 97MWDWS79F;
				INFOPLIST_FILE = giphySearchUITests/Info.plist;
				LD_RUNPATH_SEARCH_PATHS = (
					"$(inherited)",
					"@executable_path/Frameworks",
					"@loader_path/Frameworks",
				);
				PRODUCT_BUNDLE_IDENTIFIER = ru.mickael.giphySearchUITests;
				PRODUCT_NAME = "$(TARGET_NAME)";
				SWIFT_VERSION = 5.0;
				TARGETED_DEVICE_FAMILY = "1,2";
				TEST_TARGET_NAME = giphySearch;
			};
			name = Release;
		};
/* End XCBuildConfiguration section */

/* Begin XCConfigurationList section */
		CE82323026EF5BC500ADF186 /* Build configuration list for PBXProject "giphySearch" */ = {
			isa = XCConfigurationList;
			buildConfigurations = (
				CE82326026EF5BC800ADF186 /* Debug */,
				CE82326126EF5BC800ADF186 /* Release */,
			);
			defaultConfigurationIsVisible = 0;
			defaultConfigurationName = Release;
		};
		CE82326226EF5BC800ADF186 /* Build configuration list for PBXNativeTarget "giphySearch" */ = {
			isa = XCConfigurationList;
			buildConfigurations = (
				CE82326326EF5BC800ADF186 /* Debug */,
				CE82326426EF5BC800ADF186 /* Release */,
			);
			defaultConfigurationIsVisible = 0;
			defaultConfigurationName = Release;
		};
		CE82326526EF5BC800ADF186 /* Build configuration list for PBXNativeTarget "giphySearchTests" */ = {
			isa = XCConfigurationList;
			buildConfigurations = (
				CE82326626EF5BC800ADF186 /* Debug */,
				CE82326726EF5BC800ADF186 /* Release */,
			);
			defaultConfigurationIsVisible = 0;
			defaultConfigurationName = Release;
		};
		CE82326826EF5BC800ADF186 /* Build configuration list for PBXNativeTarget "giphySearchUITests" */ = {
			isa = XCConfigurationList;
			buildConfigurations = (
				CE82326926EF5BC800ADF186 /* Debug */,
				CE82326A26EF5BC800ADF186 /* Release */,
			);
			defaultConfigurationIsVisible = 0;
			defaultConfigurationName = Release;
		};
/* End XCConfigurationList section */

/* Begin XCVersionGroup section */
		CE82324126EF5BC500ADF186 /* giphySearch.xcdatamodeld */ = {
			isa = XCVersionGroup;
			children = (
				CE82324226EF5BC500ADF186 /* giphySearch.xcdatamodel */,
			);
			currentVersion = CE82324226EF5BC500ADF186 /* giphySearch.xcdatamodel */;
			path = giphySearch.xcdatamodeld;
			sourceTree = "<group>";
			versionGroupType = wrapper.xcdatamodel;
		};
/* End XCVersionGroup section */
	};
	rootObject = CE82322D26EF5BC500ADF186 /* Project object */;
}
